# This file is autogenerated, do not edit; changes may be undone by the next 'dep ensure'.


[[projects]]
  name = "github.com/jessevdk/go-flags"
  packages = ["."]
  revision = "c6ca198ec95c841fdb89fc0de7496fed11ab854e"
  version = "v1.4.0"

[[projects]]
  branch = "master"
  name = "github.com/nasa9084/go-openapi"
  packages = ["."]
  revision = "867c08381814269f710fd7ab5f7f5639398058fd"

[[projects]]
  name = "gopkg.in/yaml.v2"
  packages = ["."]
  revision = "5420a8b6744d3b0345ab293f6fcba19c978f1183"
  version = "v2.2.1"

[solve-meta]
  analyzer-name = "dep"
  analyzer-version = 1
  inputs-digest = "76dc259da354a5aaea369e6829d61ee77a53b5f56d89c63f9d1553c6bcde2edc"
  solver-name = "gps-cdcl"
  solver-version = 1
